
Microsoft Visual Studio Solution File, Format Version 12.00
# Visual Studio Version 16
VisualStudioVersion = 16.0.31729.503
MinimumVisualStudioVersion = 10.0.40219.1
Project("{FAE04EC0-301F-11D3-BF4B-00C04F79EFBC}") = "WeatherAPIAppService", "WeatherAPIAppService\WeatherAPIAppService.csproj", "{8CA2F6C4-63FD-4986-8E2F-786521FCB944}"
EndProject
Global
	GlobalSection(SolutionConfigurationPlatforms) = preSolution
		Debug|Any CPU = Debug|Any CPU
		Release|Any CPU = Release|Any CPU
	EndGlobalSection
	GlobalSection(ProjectConfigurationPlatforms) = postSolution
		{8CA2F6C4-63FD-4986-8E2F-786521FCB944}.Debug|Any CPU.ActiveCfg = Debug|Any CPU
		{8CA2F6C4-63FD-4986-8E2F-786521FCB944}.Debug|Any CPU.Build.0 = Debug|Any CPU
		{8CA2F6C4-63FD-4986-8E2F-786521FCB944}.Release|Any CPU.ActiveCfg = Release|Any CPU
		{8CA2F6C4-63FD-4986-8E2F-786521FCB944}.Release|Any CPU.Build.0 = Release|Any CPU
	EndGlobalSection
	GlobalSection(SolutionProperties) = preSolution
		HideSolutionNode = FALSE
	EndGlobalSection
	GlobalSection(ExtensibilityGlobals) = postSolution
		SolutionGuid = {D68C25D7-3FFB-45EE-A658-12680CF04BCD}
	EndGlobalSection
EndGlobal
